
Microsoft Visual Studio Solution File, Format Version 12.00
# Visual Studio Version 17
VisualStudioVersion = 17.11.35312.102
MinimumVisualStudioVersion = 10.0.40219.1
Project("{FAE04EC0-301F-11D3-BF4B-00C04F79EFBC}") = "Uniqlo.MVC", "Uniqlo.MVC\Uniqlo.MVC.csproj", "{B69BDAD7-A184-4B08-A6CB-05FFB8A4F2B4}"
EndProject
Project("{FAE04EC0-301F-11D3-BF4B-00C04F79EFBC}") = "Uniqlo.DAL", "Uniqlo.DAL\Uniqlo.DAL.csproj", "{6EE64D0A-C45E-40AA-9D58-024CB44D61F6}"
EndProject
Project("{FAE04EC0-301F-11D3-BF4B-00C04F79EFBC}") = "Uniqlo.BL", "Uniqlo.BL\Uniqlo.BL.csproj", "{9ABCACB6-1D8C-4BF4-BE95-03674AE26613}"
EndProject
Global
	GlobalSection(SolutionConfigurationPlatforms) = preSolution
		Debug|Any CPU = Debug|Any CPU
		Release|Any CPU = Release|Any CPU
	EndGlobalSection
	GlobalSection(ProjectConfigurationPlatforms) = postSolution
		{B69BDAD7-A184-4B08-A6CB-05FFB8A4F2B4}.Debug|Any CPU.ActiveCfg = Debug|Any CPU
		{B69BDAD7-A184-4B08-A6CB-05FFB8A4F2B4}.Debug|Any CPU.Build.0 = Debug|Any CPU
		{B69BDAD7-A184-4B08-A6CB-05FFB8A4F2B4}.Release|Any CPU.ActiveCfg = Release|Any CPU
		{B69BDAD7-A184-4B08-A6CB-05FFB8A4F2B4}.Release|Any CPU.Build.0 = Release|Any CPU
		{6EE64D0A-C45E-40AA-9D58-024CB44D61F6}.Debug|Any CPU.ActiveCfg = Debug|Any CPU
		{6EE64D0A-C45E-40AA-9D58-024CB44D61F6}.Debug|Any CPU.Build.0 = Debug|Any CPU
		{6EE64D0A-C45E-40AA-9D58-024CB44D61F6}.Release|Any CPU.ActiveCfg = Release|Any CPU
		{6EE64D0A-C45E-40AA-9D58-024CB44D61F6}.Release|Any CPU.Build.0 = Release|Any CPU
		{9ABCACB6-1D8C-4BF4-BE95-03674AE26613}.Debug|Any CPU.ActiveCfg = Debug|Any CPU
		{9ABCACB6-1D8C-4BF4-BE95-03674AE26613}.Debug|Any CPU.Build.0 = Debug|Any CPU
		{9ABCACB6-1D8C-4BF4-BE95-03674AE26613}.Release|Any CPU.ActiveCfg = Release|Any CPU
		{9ABCACB6-1D8C-4BF4-BE95-03674AE26613}.Release|Any CPU.Build.0 = Release|Any CPU
	EndGlobalSection
	GlobalSection(SolutionProperties) = preSolution
		HideSolutionNode = FALSE
	EndGlobalSection
	GlobalSection(ExtensibilityGlobals) = postSolution
		SolutionGuid = {36AFF222-442C-4CDA-BE7C-A2B91103B63D}
	EndGlobalSection
EndGlobal
